
Microsoft Visual Studio Solution File, Format Version 12.00
# Visual Studio Version 17
VisualStudioVersion = 17.3.32922.545
MinimumVisualStudioVersion = 10.0.40219.1
Project("{9A19103F-16F7-4668-BE54-9A1E7A4F7556}") = "SmartLibrary.API", "SmartLibrary.API\SmartLibrary.API.csproj", "{29A9E238-AE69-40B1-A2AB-58B7FD4D9873}"
EndProject
Project("{54A90642-561A-4BB1-A94E-469ADEE60C69}") = "vue_interface_app", "vue_interface_app\vue_interface_app.esproj", "{30428D32-2524-44DC-9692-E3F3C0D8024A}"
EndProject
Global
	GlobalSection(SolutionConfigurationPlatforms) = preSolution
		Debug|Any CPU = Debug|Any CPU
		Release|Any CPU = Release|Any CPU
	EndGlobalSection
	GlobalSection(ProjectConfigurationPlatforms) = postSolution
		{29A9E238-AE69-40B1-A2AB-58B7FD4D9873}.Debug|Any CPU.ActiveCfg = Debug|Any CPU
		{29A9E238-AE69-40B1-A2AB-58B7FD4D9873}.Debug|Any CPU.Build.0 = Debug|Any CPU
		{29A9E238-AE69-40B1-A2AB-58B7FD4D9873}.Release|Any CPU.ActiveCfg = Release|Any CPU
		{29A9E238-AE69-40B1-A2AB-58B7FD4D9873}.Release|Any CPU.Build.0 = Release|Any CPU
		{30428D32-2524-44DC-9692-E3F3C0D8024A}.Debug|Any CPU.ActiveCfg = Debug|Any CPU
		{30428D32-2524-44DC-9692-E3F3C0D8024A}.Debug|Any CPU.Build.0 = Debug|Any CPU
		{30428D32-2524-44DC-9692-E3F3C0D8024A}.Debug|Any CPU.Deploy.0 = Debug|Any CPU
		{30428D32-2524-44DC-9692-E3F3C0D8024A}.Release|Any CPU.ActiveCfg = Release|Any CPU
		{30428D32-2524-44DC-9692-E3F3C0D8024A}.Release|Any CPU.Build.0 = Release|Any CPU
		{30428D32-2524-44DC-9692-E3F3C0D8024A}.Release|Any CPU.Deploy.0 = Release|Any CPU
	EndGlobalSection
	GlobalSection(SolutionProperties) = preSolution
		HideSolutionNode = FALSE
	EndGlobalSection
	GlobalSection(ExtensibilityGlobals) = postSolution
		SolutionGuid = {EEC12F33-20BC-47DA-B238-BA58D426AB5F}
	EndGlobalSection
EndGlobal
